
Microsoft Visual Studio Solution File, Format Version 12.00
# Visual Studio Version 17
VisualStudioVersion = 17.8.34330.188
MinimumVisualStudioVersion = 10.0.40219.1
Project("{FAE04EC0-301F-11D3-BF4B-00C04F79EFBC}") = "inoutboard24-api", "inoutboard24-api.csproj", "{1FF79F14-1338-4CC1-80C7-616A2152F056}"
EndProject
Global
	GlobalSection(SolutionConfigurationPlatforms) = preSolution
		Debug|Any CPU = Debug|Any CPU
		Release|Any CPU = Release|Any CPU
	EndGlobalSection
	GlobalSection(ProjectConfigurationPlatforms) = postSolution
		{1FF79F14-1338-4CC1-80C7-616A2152F056}.Debug|Any CPU.ActiveCfg = Debug|Any CPU
		{1FF79F14-1338-4CC1-80C7-616A2152F056}.Debug|Any CPU.Build.0 = Debug|Any CPU
		{1FF79F14-1338-4CC1-80C7-616A2152F056}.Release|Any CPU.ActiveCfg = Release|Any CPU
		{1FF79F14-1338-4CC1-80C7-616A2152F056}.Release|Any CPU.Build.0 = Release|Any CPU
	EndGlobalSection
	GlobalSection(SolutionProperties) = preSolution
		HideSolutionNode = FALSE
	EndGlobalSection
	GlobalSection(ExtensibilityGlobals) = postSolution
		SolutionGuid = {2D3FEF96-E320-4BE0-83C9-C3B46846EDEF}
	EndGlobalSection
EndGlobal
